// !$*UTF8*$!
{
	archiveVersion = 1;
	classes = {
	};
	objectVersion = 46;
	objects = {

/* Begin PBXBuildFile section */
		A5A54BEC14D1D6FD0095193C /* main.m in Sources */ = {isa = PBXBuildFile; fileRef = A5A54BEB14D1D6FD0095193C /* main.m */; };
		A5A54BF014D1D6FD0095193C /* ARDAppDelegate.m in Sources */ = {isa = PBXBuildFile; fileRef = A5A54BEF14D1D6FD0095193C /* ARDAppDelegate.m */; };
		A5A54BF314D1D6FD0095193C /* ARDViewController.m in Sources */ = {isa = PBXBuildFile; fileRef = A5A54BF214D1D6FD0095193C /* ARDViewController.m */; };
		A5A54C0714D1DA4B0095193C /* DHAudioRecorder.m in Sources */ = {isa = PBXBuildFile; fileRef = A5A54C0614D1DA4B0095193C /* DHAudioRecorder.m */; };
/* End PBXBuildFile section */

/* Begin PBXFileReference section */
		A5A54BDB14D1D6FD0095193C /* AudioRecordDemo.app */ = {isa = PBXFileReference; explicitFileType = wrapper.application; includeInIndex = 0; path = AudioRecordDemo.app; sourceTree = BUILT_PRODUCTS_DIR; };
		A5A54BE714D1D6FD0095193C /* AudioRecordDemo-Info.plist */ = {isa = PBXFileReference; lastKnownFileType = text.plist.xml; path = "AudioRecordDemo-Info.plist"; sourceTree = "<group>"; };
		A5A54BEB14D1D6FD0095193C /* main.m */ = {isa = PBXFileReference; lastKnownFileType = sourcecode.c.objc; lineEnding = 0; path = main.m; sourceTree = "<group>"; xcLanguageSpecificationIdentifier = xcode.lang.objc; };
		A5A54BEE14D1D6FD0095193C /* ARDAppDelegate.h */ = {isa = PBXFileReference; lastKnownFileType = sourcecode.c.h; lineEnding = 0; path = ARDAppDelegate.h; sourceTree = "<group>"; xcLanguageSpecificationIdentifier = xcode.lang.objcpp; };
		A5A54BEF14D1D6FD0095193C /* ARDAppDelegate.m */ = {isa = PBXFileReference; lastKnownFileType = sourcecode.c.objc; path = ARDAppDelegate.m; sourceTree = "<group>"; };
		A5A54BF114D1D6FD0095193C /* ARDViewController.h */ = {isa = PBXFileReference; lastKnownFileType = sourcecode.c.h; lineEnding = 0; path = ARDViewController.h; sourceTree = "<group>"; xcLanguageSpecificationIdentifier = xcode.lang.objcpp; };
		A5A54BF214D1D6FD0095193C /* ARDViewController.m */ = {isa = PBXFileReference; lastKnownFileType = sourcecode.c.objc; path = ARDViewController.m; sourceTree = "<group>"; };
		A5A54C0514D1DA4B0095193C /* DHAudioRecorder.h */ = {isa = PBXFileReference; fileEncoding = 4; lastKnownFileType = sourcecode.c.h; lineEnding = 0; path = DHAudioRecorder.h; sourceTree = "<group>"; xcLanguageSpecificationIdentifier = xcode.lang.objcpp; };
		A5A54C0614D1DA4B0095193C /* DHAudioRecorder.m */ = {isa = PBXFileReference; fileEncoding = 4; lastKnownFileType = sourcecode.c.objc; path = DHAudioRecorder.m; sourceTree = "<group>"; };
/* End PBXFileReference section */

/* Begin PBXFrameworksBuildPhase section */
		A5A54BD814D1D6FD0095193C /* Frameworks */ = {
			isa = PBXFrameworksBuildPhase;
			buildActionMask = 2147483647;
			files = (
			);
			runOnlyForDeploymentPostprocessing = 0;
		};
/* End PBXFrameworksBuildPhase section */

/* Begin PBXGroup section */
		A5A54BD014D1D6FD0095193C = {
			isa = PBXGroup;
			children = (
				A5A54C1214D1E3930095193C /* DHAudioRecorder */,
				A5A54BE514D1D6FD0095193C /* Demo */,
				A5A54BDC14D1D6FD0095193C /* Products */,
			);
			sourceTree = "<group>";
		};
		A5A54BDC14D1D6FD0095193C /* Products */ = {
			isa = PBXGroup;
			children = (
				A5A54BDB14D1D6FD0095193C /* AudioRecordDemo.app */,
			);
			name = Products;
			sourceTree = "<group>";
		};
		A5A54BE514D1D6FD0095193C /* Demo */ = {
			isa = PBXGroup;
			children = (
				A5A54BEB14D1D6FD0095193C /* main.m */,
				A5A54BEE14D1D6FD0095193C /* ARDAppDelegate.h */,
				A5A54BEF14D1D6FD0095193C /* ARDAppDelegate.m */,
				A5A54BF114D1D6FD0095193C /* ARDViewController.h */,
				A5A54BF214D1D6FD0095193C /* ARDViewController.m */,
				A5A54BE714D1D6FD0095193C /* AudioRecordDemo-Info.plist */,
			);
			name = Demo;
			sourceTree = "<group>";
		};
		A5A54C1214D1E3930095193C /* DHAudioRecorder */ = {
			isa = PBXGroup;
			children = (
				A5A54C0514D1DA4B0095193C /* DHAudioRecorder.h */,
				A5A54C0614D1DA4B0095193C /* DHAudioRecorder.m */,
			);
			name = DHAudioRecorder;
			path = ..;
			sourceTree = "<group>";
		};
/* End PBXGroup section */

/* Begin PBXNativeTarget section */
		A5A54BDA14D1D6FD0095193C /* AudioRecordDemo */ = {
			isa = PBXNativeTarget;
			buildConfigurationList = A5A54BF914D1D6FD0095193C /* Build configuration list for PBXNativeTarget "AudioRecordDemo" */;
			buildPhases = (
				A5A54BD714D1D6FD0095193C /* Sources */,
				A5A54BD814D1D6FD0095193C /* Frameworks */,
				A5A54BD914D1D6FD0095193C /* Resources */,
			);
			buildRules = (
			);
			dependencies = (
			);
			name = AudioRecordDemo;
			productName = AudioRecordDemo;
			productReference = A5A54BDB14D1D6FD0095193C /* AudioRecordDemo.app */;
			productType = "com.apple.product-type.application";
		};
/* End PBXNativeTarget section */

/* Begin PBXProject section */
		A5A54BD214D1D6FD0095193C /* Project object */ = {
			isa = PBXProject;
			attributes = {
				LastUpgradeCheck = 0420;
			};
			buildConfigurationList = A5A54BD514D1D6FD0095193C /* Build configuration list for PBXProject "AudioRecordDemo" */;
			compatibilityVersion = "Xcode 3.2";
			developmentRegion = English;
			hasScannedForEncodings = 0;
			knownRegions = (
				en,
			);
			mainGroup = A5A54BD014D1D6FD0095193C;
			productRefGroup = A5A54BDC14D1D6FD0095193C /* Products */;
			projectDirPath = "";
			projectRoot = "";
			targets = (
				A5A54BDA14D1D6FD0095193C /* AudioRecordDemo */,
			);
		};
/* End PBXProject section */

/* Begin PBXResourcesBuildPhase section */
		A5A54BD914D1D6FD0095193C /* Resources */ = {
			isa = PBXResourcesBuildPhase;
			buildActionMask = 2147483647;
			files = (
			);
			runOnlyForDeploymentPostprocessing = 0;
		};
/* End PBXResourcesBuildPhase section */

/* Begin PBXSourcesBuildPhase section */
		A5A54BD714D1D6FD0095193C /* Sources */ = {
			isa = PBXSourcesBuildPhase;
			buildActionMask = 2147483647;
			files = (
				A5A54BEC14D1D6FD0095193C /* main.m in Sources */,
				A5A54BF014D1D6FD0095193C /* ARDAppDelegate.m in Sources */,
				A5A54BF314D1D6FD0095193C /* ARDViewController.m in Sources */,
				A5A54C0714D1DA4B0095193C /* DHAudioRecorder.m in Sources */,
			);
			runOnlyForDeploymentPostprocessing = 0;
		};
/* End PBXSourcesBuildPhase section */

/* Begin XCBuildConfiguration section */
		A5A54BF714D1D6FD0095193C /* Debug */ = {
			isa = XCBuildConfiguration;
			buildSettings = {
				ALWAYS_SEARCH_USER_PATHS = NO;
				ARCHS = "$(ARCHS_STANDARD_32_BIT)";
				"CODE_SIGN_IDENTITY[sdk=iphoneos*]" = "iPhone Developer";
				COPY_PHASE_STRIP = NO;
				GCC_C_LANGUAGE_STANDARD = gnu99;
				GCC_DYNAMIC_NO_PIC = NO;
				GCC_OPTIMIZATION_LEVEL = 0;
				GCC_PREPROCESSOR_DEFINITIONS = (
					"DEBUG=1",
					"$(inherited)",
				);
				GCC_SYMBOLS_PRIVATE_EXTERN = NO;
				GCC_VERSION = com.apple.compilers.llvm.clang.1_0;
				GCC_WARN_ABOUT_MISSING_PROTOTYPES = YES;
				GCC_WARN_ABOUT_RETURN_TYPE = YES;
				GCC_WARN_UNUSED_VARIABLE = YES;
				IPHONEOS_DEPLOYMENT_TARGET = 5.0;
				SDKROOT = iphoneos;
			};
			name = Debug;
		};
		A5A54BF814D1D6FD0095193C /* Release */ = {
			isa = XCBuildConfiguration;
			buildSettings = {
				ALWAYS_SEARCH_USER_PATHS = NO;
				ARCHS = "$(ARCHS_STANDARD_32_BIT)";
				"CODE_SIGN_IDENTITY[sdk=iphoneos*]" = "iPhone Developer";
				COPY_PHASE_STRIP = YES;
				GCC_C_LANGUAGE_STANDARD = gnu99;
				GCC_VERSION = com.apple.compilers.llvm.clang.1_0;
				GCC_WARN_ABOUT_MISSING_PROTOTYPES = YES;
				GCC_WARN_ABOUT_RETURN_TYPE = YES;
				GCC_WARN_UNUSED_VARIABLE = YES;
				IPHONEOS_DEPLOYMENT_TARGET = 5.0;
				OTHER_CFLAGS = "-DNS_BLOCK_ASSERTIONS=1";
				SDKROOT = iphoneos;
				VALIDATE_PRODUCT = YES;
			};
			name = Release;
		};
		A5A54BFA14D1D6FD0095193C /* Debug */ = {
			isa = XCBuildConfiguration;
			buildSettings = {
				CLANG_ENABLE_MODULES = YES;
				CLANG_ENABLE_OBJC_ARC = YES;
				INFOPLIST_FILE = "AudioRecordDemo-Info.plist";
				PRODUCT_NAME = "$(TARGET_NAME)";
				WRAPPER_EXTENSION = app;
			};
			name = Debug;
		};
		A5A54BFB14D1D6FD0095193C /* Release */ = {
			isa = XCBuildConfiguration;
			buildSettings = {
				CLANG_ENABLE_MODULES = YES;
				CLANG_ENABLE_OBJC_ARC = YES;
				INFOPLIST_FILE = "AudioRecordDemo-Info.plist";
				PRODUCT_NAME = "$(TARGET_NAME)";
				WRAPPER_EXTENSION = app;
			};
			name = Release;
		};
/* End XCBuildConfiguration section */

/* Begin XCConfigurationList section */
		A5A54BD514D1D6FD0095193C /* Build configuration list for PBXProject "AudioRecordDemo" */ = {
			isa = XCConfigurationList;
			buildConfigurations = (
				A5A54BF714D1D6FD0095193C /* Debug */,
				A5A54BF814D1D6FD0095193C /* Release */,
			);
			defaultConfigurationIsVisible = 0;
			defaultConfigurationName = Release;
		};
		A5A54BF914D1D6FD0095193C /* Build configuration list for PBXNativeTarget "AudioRecordDemo" */ = {
			isa = XCConfigurationList;
			buildConfigurations = (
				A5A54BFA14D1D6FD0095193C /* Debug */,
				A5A54BFB14D1D6FD0095193C /* Release */,
			);
			defaultConfigurationIsVisible = 0;
			defaultConfigurationName = Release;
		};
/* End XCConfigurationList section */
	};
	rootObject = A5A54BD214D1D6FD0095193C /* Project object */;
}
